// !$*UTF8*$!
{
	archiveVersion = 1;
	classes = {
	};
	objectVersion = 50;
	objects = {

/* Begin PBXBuildFile section */
		822E943623C8AA5000A655AD /* AppDelegate.swift in Sources */ = {isa = PBXBuildFile; fileRef = 822E943523C8AA5000A655AD /* AppDelegate.swift */; };
		822E943A23C8AA5000A655AD /* ViewController.swift in Sources */ = {isa = PBXBuildFile; fileRef = 822E943923C8AA5000A655AD /* ViewController.swift */; };
		822E943D23C8AA5000A655AD /* Main.storyboard in Resources */ = {isa = PBXBuildFile; fileRef = 822E943B23C8AA5000A655AD /* Main.storyboard */; };
		822E943F23C8AA5200A655AD /* Assets.xcassets in Resources */ = {isa = PBXBuildFile; fileRef = 822E943E23C8AA5200A655AD /* Assets.xcassets */; };
		822E944223C8AA5200A655AD /* LaunchScreen.storyboard in Resources */ = {isa = PBXBuildFile; fileRef = 822E944023C8AA5200A655AD /* LaunchScreen.storyboard */; };
		822E944A23C8AD9E00A655AD /* KECircleButton.swift in Sources */ = {isa = PBXBuildFile; fileRef = 822E944923C8AD9E00A655AD /* KECircleButton.swift */; };
		822E944C23C8B7B300A655AD /* KECircleView.swift in Sources */ = {isa = PBXBuildFile; fileRef = 822E944B23C8B7B300A655AD /* KECircleView.swift */; };
/* End PBXBuildFile section */

/* Begin PBXFileReference section */
		822E943223C8AA5000A655AD /* KECircleSideMenu.app */ = {isa = PBXFileReference; explicitFileType = wrapper.application; includeInIndex = 0; path = KECircleSideMenu.app; sourceTree = BUILT_PRODUCTS_DIR; };
		822E943523C8AA5000A655AD /* AppDelegate.swift */ = {isa = PBXFileReference; lastKnownFileType = sourcecode.swift; path = AppDelegate.swift; sourceTree = "<group>"; };
		822E943923C8AA5000A655AD /* ViewController.swift */ = {isa = PBXFileReference; lastKnownFileType = sourcecode.swift; path = ViewController.swift; sourceTree = "<group>"; };
		822E943C23C8AA5000A655AD /* Base */ = {isa = PBXFileReference; lastKnownFileType = file.storyboard; name = Base; path = Base.lproj/Main.storyboard; sourceTree = "<group>"; };
		822E943E23C8AA5200A655AD /* Assets.xcassets */ = {isa = PBXFileReference; lastKnownFileType = folder.assetcatalog; path = Assets.xcassets; sourceTree = "<group>"; };
		822E944123C8AA5200A655AD /* Base */ = {isa = PBXFileReference; lastKnownFileType = file.storyboard; name = Base; path = Base.lproj/LaunchScreen.storyboard; sourceTree = "<group>"; };
		822E944323C8AA5200A655AD /* Info.plist */ = {isa = PBXFileReference; lastKnownFileType = text.plist.xml; path = Info.plist; sourceTree = "<group>"; };
		822E944923C8AD9E00A655AD /* KECircleButton.swift */ = {isa = PBXFileReference; lastKnownFileType = sourcecode.swift; path = KECircleButton.swift; sourceTree = "<group>"; };
		822E944B23C8B7B300A655AD /* KECircleView.swift */ = {isa = PBXFileReference; lastKnownFileType = sourcecode.swift; path = KECircleView.swift; sourceTree = "<group>"; };
/* End PBXFileReference section */

/* Begin PBXFrameworksBuildPhase section */
		822E942F23C8AA5000A655AD /* Frameworks */ = {
			isa = PBXFrameworksBuildPhase;
			buildActionMask = 2147483647;
			files = (
			);
			runOnlyForDeploymentPostprocessing = 0;
		};
/* End PBXFrameworksBuildPhase section */

/* Begin PBXGroup section */
		822E942923C8AA5000A655AD = {
			isa = PBXGroup;
			children = (
				822E943423C8AA5000A655AD /* KECircleSideMenu */,
				822E943323C8AA5000A655AD /* Products */,
			);
			sourceTree = "<group>";
		};
		822E943323C8AA5000A655AD /* Products */ = {
			isa = PBXGroup;
			children = (
				822E943223C8AA5000A655AD /* KECircleSideMenu.app */,
			);
			name = Products;
			sourceTree = "<group>";
		};
		822E943423C8AA5000A655AD /* KECircleSideMenu */ = {
			isa = PBXGroup;
			children = (
				822E943523C8AA5000A655AD /* AppDelegate.swift */,
				822E943923C8AA5000A655AD /* ViewController.swift */,
				822E944923C8AD9E00A655AD /* KECircleButton.swift */,
				822E944B23C8B7B300A655AD /* KECircleView.swift */,
				822E943B23C8AA5000A655AD /* Main.storyboard */,
				822E943E23C8AA5200A655AD /* Assets.xcassets */,
				822E944023C8AA5200A655AD /* LaunchScreen.storyboard */,
				822E944323C8AA5200A655AD /* Info.plist */,
			);
			path = KECircleSideMenu;
			sourceTree = "<group>";
		};
/* End PBXGroup section */

/* Begin PBXNativeTarget section */
		822E943123C8AA5000A655AD /* KECircleSideMenu */ = {
			isa = PBXNativeTarget;
			buildConfigurationList = 822E944623C8AA5200A655AD /* Build configuration list for PBXNativeTarget "KECircleSideMenu" */;
			buildPhases = (
				822E942E23C8AA5000A655AD /* Sources */,
				822E942F23C8AA5000A655AD /* Frameworks */,
				822E943023C8AA5000A655AD /* Resources */,
			);
			buildRules = (
			);
			dependencies = (
			);
			name = KECircleSideMenu;
			productName = KECircleSideMenu;
			productReference = 822E943223C8AA5000A655AD /* KECircleSideMenu.app */;
			productType = "com.apple.product-type.application";
		};
/* End PBXNativeTarget section */

/* Begin PBXProject section */
		822E942A23C8AA5000A655AD /* Project object */ = {
			isa = PBXProject;
			attributes = {
				LastSwiftUpdateCheck = 1130;
				LastUpgradeCheck = 1130;
				ORGANIZATIONNAME = "Kaan Esin";
				TargetAttributes = {
					822E943123C8AA5000A655AD = {
						CreatedOnToolsVersion = 11.3;
					};
				};
			};
			buildConfigurationList = 822E942D23C8AA5000A655AD /* Build configuration list for PBXProject "KECircleSideMenu" */;
			compatibilityVersion = "Xcode 9.3";
			developmentRegion = en;
			hasScannedForEncodings = 0;
			knownRegions = (
				en,
				Base,
			);
			mainGroup = 822E942923C8AA5000A655AD;
			productRefGroup = 822E943323C8AA5000A655AD /* Products */;
			projectDirPath = "";
			projectRoot = "";
			targets = (
				822E943123C8AA5000A655AD /* KECircleSideMenu */,
			);
		};
/* End PBXProject section */

/* Begin PBXResourcesBuildPhase section */
		822E943023C8AA5000A655AD /* Resources */ = {
			isa = PBXResourcesBuildPhase;
			buildActionMask = 2147483647;
			files = (
				822E944223C8AA5200A655AD /* LaunchScreen.storyboard in Resources */,
				822E943F23C8AA5200A655AD /* Assets.xcassets in Resources */,
				822E943D23C8AA5000A655AD /* Main.storyboard in Resources */,
			);
			runOnlyForDeploymentPostprocessing = 0;
		};
/* End PBXResourcesBuildPhase section */

/* Begin PBXSourcesBuildPhase section */
		822E942E23C8AA5000A655AD /* Sources */ = {
			isa = PBXSourcesBuildPhase;
			buildActionMask = 2147483647;
			files = (
				822E943A23C8AA5000A655AD /* ViewController.swift in Sources */,
				822E944A23C8AD9E00A655AD /* KECircleButton.swift in Sources */,
				822E944C23C8B7B300A655AD /* KECircleView.swift in Sources */,
				822E943623C8AA5000A655AD /* AppDelegate.swift in Sources */,
			);
			runOnlyForDeploymentPostprocessing = 0;
		};
/* End PBXSourcesBuildPhase section */

/* Begin PBXVariantGroup section */
		822E943B23C8AA5000A655AD /* Main.storyboard */ = {
			isa = PBXVariantGroup;
			children = (
				822E943C23C8AA5000A655AD /* Base */,
			);
			name = Main.storyboard;
			sourceTree = "<group>";
		};
		822E944023C8AA5200A655AD /* LaunchScreen.storyboard */ = {
			isa = PBXVariantGroup;
			children = (
				822E944123C8AA5200A655AD /* Base */,
			);
			name = LaunchScreen.storyboard;
			sourceTree = "<group>";
		};
/* End PBXVariantGroup section */

/* Begin XCBuildConfiguration section */
		822E944423C8AA5200A655AD /* Debug */ = {
			isa = XCBuildConfiguration;
			buildSettings = {
				ALWAYS_SEARCH_USER_PATHS = NO;
				CLANG_ANALYZER_NONNULL = YES;
				CLANG_ANALYZER_NUMBER_OBJECT_CONVERSION = YES_AGGRESSIVE;
				CLANG_CXX_LANGUAGE_STANDARD = "gnu++14";
				CLANG_CXX_LIBRARY = "libc++";
				CLANG_ENABLE_MODULES = YES;
				CLANG_ENABLE_OBJC_ARC = YES;
				CLANG_ENABLE_OBJC_WEAK = YES;
				CLANG_WARN_BLOCK_CAPTURE_AUTORELEASING = YES;
				CLANG_WARN_BOOL_CONVERSION = YES;
				CLANG_WARN_COMMA = YES;
				CLANG_WARN_CONSTANT_CONVERSION = YES;
				CLANG_WARN_DEPRECATED_OBJC_IMPLEMENTATIONS = YES;
				CLANG_WARN_DIRECT_OBJC_ISA_USAGE = YES_ERROR;
				CLANG_WARN_DOCUMENTATION_COMMENTS = YES;
				CLANG_WARN_EMPTY_BODY = YES;
				CLANG_WARN_ENUM_CONVERSION = YES;
				CLANG_WARN_INFINITE_RECURSION = YES;
				CLANG_WARN_INT_CONVERSION = YES;
				CLANG_WARN_NON_LITERAL_NULL_CONVERSION = YES;
				CLANG_WARN_OBJC_IMPLICIT_RETAIN_SELF = YES;
				CLANG_WARN_OBJC_LITERAL_CONVERSION = YES;
				CLANG_WARN_OBJC_ROOT_CLASS = YES_ERROR;
				CLANG_WARN_RANGE_LOOP_ANALYSIS = YES;
				CLANG_WARN_STRICT_PROTOTYPES = YES;
				CLANG_WARN_SUSPICIOUS_MOVE = YES;
				CLANG_WARN_UNGUARDED_AVAILABILITY = YES_AGGRESSIVE;
				CLANG_WARN_UNREACHABLE_CODE = YES;
				CLANG_WARN__DUPLICATE_METHOD_MATCH = YES;
				COPY_PHASE_STRIP = NO;
				DEBUG_INFORMATION_FORMAT = dwarf;
				ENABLE_STRICT_OBJC_MSGSEND = YES;
				ENABLE_TESTABILITY = YES;
				GCC_C_LANGUAGE_STANDARD = gnu11;
				GCC_DYNAMIC_NO_PIC = NO;
				GCC_NO_COMMON_BLOCKS = YES;
				GCC_OPTIMIZATION_LEVEL = 0;
				GCC_PREPROCESSOR_DEFINITIONS = (
					"DEBUG=1",
					"$(inherited)",
				);
				GCC_WARN_64_TO_32_BIT_CONVERSION = YES;
				GCC_WARN_ABOUT_RETURN_TYPE = YES_ERROR;
				GCC_WARN_UNDECLARED_SELECTOR = YES;
				GCC_WARN_UNINITIALIZED_AUTOS = YES_AGGRESSIVE;
				GCC_WARN_UNUSED_FUNCTION = YES;
				GCC_WARN_UNUSED_VARIABLE = YES;
				IPHONEOS_DEPLOYMENT_TARGET = 11.0;
				MTL_ENABLE_DEBUG_INFO = INCLUDE_SOURCE;
				MTL_FAST_MATH = YES;
				ONLY_ACTIVE_ARCH = YES;
				SDKROOT = iphoneos;
				SWIFT_ACTIVE_COMPILATION_CONDITIONS = DEBUG;
				SWIFT_OPTIMIZATION_LEVEL = "-Onone";
			};
			name = Debug;
		};
		822E944523C8AA5200A655AD /* Release */ = {
			isa = XCBuildConfiguration;
			buildSettings = {
				ALWAYS_SEARCH_USER_PATHS = NO;
				CLANG_ANALYZER_NONNULL = YES;
				CLANG_ANALYZER_NUMBER_OBJECT_CONVERSION = YES_AGGRESSIVE;
				CLANG_CXX_LANGUAGE_STANDARD = "gnu++14";
				CLANG_CXX_LIBRARY = "libc++";
				CLANG_ENABLE_MODULES = YES;
				CLANG_ENABLE_OBJC_ARC = YES;
				CLANG_ENABLE_OBJC_WEAK = YES;
				CLANG_WARN_BLOCK_CAPTURE_AUTORELEASING = YES;
				CLANG_WARN_BOOL_CONVERSION = YES;
				CLANG_WARN_COMMA = YES;
				CLANG_WARN_CONSTANT_CONVERSION = YES;
				CLANG_WARN_DEPRECATED_OBJC_IMPLEMENTATIONS = YES;
				CLANG_WARN_DIRECT_OBJC_ISA_USAGE = YES_ERROR;
				CLANG_WARN_DOCUMENTATION_COMMENTS = YES;
				CLANG_WARN_EMPTY_BODY = YES;
				CLANG_WARN_ENUM_CONVERSION = YES;
				CLANG_WARN_INFINITE_RECURSION = YES;
				CLANG_WARN_INT_CONVERSION = YES;
				CLANG_WARN_NON_LITERAL_NULL_CONVERSION = YES;
				CLANG_WARN_OBJC_IMPLICIT_RETAIN_SELF = YES;
				CLANG_WARN_OBJC_LITERAL_CONVERSION = YES;
				CLANG_WARN_OBJC_ROOT_CLASS = YES_ERROR;
				CLANG_WARN_RANGE_LOOP_ANALYSIS = YES;
				CLANG_WARN_STRICT_PROTOTYPES = YES;
				CLANG_WARN_SUSPICIOUS_MOVE = YES;
				CLANG_WARN_UNGUARDED_AVAILABILITY = YES_AGGRESSIVE;
				CLANG_WARN_UNREACHABLE_CODE = YES;
				CLANG_WARN__DUPLICATE_METHOD_MATCH = YES;
				COPY_PHASE_STRIP = NO;
				DEBUG_INFORMATION_FORMAT = "dwarf-with-dsym";
				ENABLE_NS_ASSERTIONS = NO;
				ENABLE_STRICT_OBJC_MSGSEND = YES;
				GCC_C_LANGUAGE_STANDARD = gnu11;
				GCC_NO_COMMON_BLOCKS = YES;
				GCC_WARN_64_TO_32_BIT_CONVERSION = YES;
				GCC_WARN_ABOUT_RETURN_TYPE = YES_ERROR;
				GCC_WARN_UNDECLARED_SELECTOR = YES;
				GCC_WARN_UNINITIALIZED_AUTOS = YES_AGGRESSIVE;
				GCC_WARN_UNUSED_FUNCTION = YES;
				GCC_WARN_UNUSED_VARIABLE = YES;
				IPHONEOS_DEPLOYMENT_TARGET = 11.0;
				MTL_ENABLE_DEBUG_INFO = NO;
				MTL_FAST_MATH = YES;
				SDKROOT = iphoneos;
				SWIFT_COMPILATION_MODE = wholemodule;
				SWIFT_OPTIMIZATION_LEVEL = "-O";
				VALIDATE_PRODUCT = YES;
			};
			name = Release;
		};
		822E944723C8AA5200A655AD /* Debug */ = {
			isa = XCBuildConfiguration;
			buildSettings = {
				ASSETCATALOG_COMPILER_APPICON_NAME = AppIcon;
				CODE_SIGN_STYLE = Automatic;
				DEVELOPMENT_TEAM = 3DL362RMF7;
				INFOPLIST_FILE = KECircleSideMenu/Info.plist;
				IPHONEOS_DEPLOYMENT_TARGET = 11.0;
				LD_RUNPATH_SEARCH_PATHS = (
					"$(inherited)",
					"@executable_path/Frameworks",
				);
				PRODUCT_BUNDLE_IDENTIFIER = com.kaanesin.material;
				PRODUCT_NAME = "$(TARGET_NAME)";
				SWIFT_VERSION = 5.0;
				TARGETED_DEVICE_FAMILY = "1,2";
			};
			name = Debug;
		};
		822E944823C8AA5200A655AD /* Release */ = {
			isa = XCBuildConfiguration;
			buildSettings = {
				ASSETCATALOG_COMPILER_APPICON_NAME = AppIcon;
				CODE_SIGN_STYLE = Automatic;
				DEVELOPMENT_TEAM = 3DL362RMF7;
				INFOPLIST_FILE = KECircleSideMenu/Info.plist;
				IPHONEOS_DEPLOYMENT_TARGET = 11.0;
				LD_RUNPATH_SEARCH_PATHS = (
					"$(inherited)",
					"@executable_path/Frameworks",
				);
				PRODUCT_BUNDLE_IDENTIFIER = com.kaanesin.material;
				PRODUCT_NAME = "$(TARGET_NAME)";
				SWIFT_VERSION = 5.0;
				TARGETED_DEVICE_FAMILY = "1,2";
			};
			name = Release;
		};
/* End XCBuildConfiguration section */

/* Begin XCConfigurationList section */
		822E942D23C8AA5000A655AD /* Build configuration list for PBXProject "KECircleSideMenu" */ = {
			isa = XCConfigurationList;
			buildConfigurations = (
				822E944423C8AA5200A655AD /* Debug */,
				822E944523C8AA5200A655AD /* Release */,
			);
			defaultConfigurationIsVisible = 0;
			defaultConfigurationName = Release;
		};
		822E944623C8AA5200A655AD /* Build configuration list for PBXNativeTarget "KECircleSideMenu" */ = {
			isa = XCConfigurationList;
			buildConfigurations = (
				822E944723C8AA5200A655AD /* Debug */,
				822E944823C8AA5200A655AD /* Release */,
			);
			defaultConfigurationIsVisible = 0;
			defaultConfigurationName = Release;
		};
/* End XCConfigurationList section */
	};
	rootObject = 822E942A23C8AA5000A655AD /* Project object */;
}
